# This file is autogenerated, do not edit; changes may be undone by the next 'dep ensure'.


[[projects]]
  branch = "master"
  name = "github.com/joushou/gocnc"
  packages = ["gcode"]
  revision = "6dffb9ae63088a84266ebf7a2fadfd8afcafb0e2"

[[projects]]
  branch = "master"
  name = "github.com/rpaloschi/dxf-go"
  packages = ["core","document","entities","sections"]
  revision = "b5adbb4ac5f7f1a69875d8b9050e3b488b02b47a"

[solve-meta]
  analyzer-name = "dep"
  analyzer-version = 1
  inputs-digest = "32c015636cc16ca31f8d47d7982f0939fe5e2b0f4eb06ac0dcd072f6414c408c"
  solver-name = "gps-cdcl"
  solver-version = 1
